
Microsoft Visual Studio Solution File, Format Version 12.00
# Visual Studio Version 16
VisualStudioVersion = 16.0.32106.194
MinimumVisualStudioVersion = 10.0.40219.1
Project("{FAE04EC0-301F-11D3-BF4B-00C04F79EFBC}") = "TodoApi", "TodoApi\TodoApi.csproj", "{B1380DEC-B072-456B-A154-CB3446101F6A}"
EndProject
Global
	GlobalSection(SolutionConfigurationPlatforms) = preSolution
		Debug|Any CPU = Debug|Any CPU
		Release|Any CPU = Release|Any CPU
	EndGlobalSection
	GlobalSection(ProjectConfigurationPlatforms) = postSolution
		{B1380DEC-B072-456B-A154-CB3446101F6A}.Debug|Any CPU.ActiveCfg = Debug|Any CPU
		{B1380DEC-B072-456B-A154-CB3446101F6A}.Debug|Any CPU.Build.0 = Debug|Any CPU
		{B1380DEC-B072-456B-A154-CB3446101F6A}.Release|Any CPU.ActiveCfg = Release|Any CPU
		{B1380DEC-B072-456B-A154-CB3446101F6A}.Release|Any CPU.Build.0 = Release|Any CPU
	EndGlobalSection
	GlobalSection(SolutionProperties) = preSolution
		HideSolutionNode = FALSE
	EndGlobalSection
	GlobalSection(ExtensibilityGlobals) = postSolution
		SolutionGuid = {DBF2B850-74F5-4B38-B309-A309FF405836}
	EndGlobalSection
EndGlobal
